
Microsoft Visual Studio Solution File, Format Version 12.00
# Visual Studio Version 16
VisualStudioVersion = 16.0.809.3
MinimumVisualStudioVersion = 10.0.40219.1
Project("{FAE04EC0-301F-11D3-BF4B-00C04F79EFBC}") = "FSO.Interface", "FSO.Interface\FSO.Interface.csproj", "{F050E73F-DBF4-489E-AC3E-08DEAF82BDB4}"
EndProject
Project("{2150E333-8FDC-42A3-9474-1A3956D46DE8}") = "Solution Items", "Solution Items", "{5A69947D-5DC1-4AA8-A7D3-4DC66E650FDF}"
	ProjectSection(SolutionItems) = preProject
		.editorconfig = .editorconfig
		..\README.md = ..\README.md
	EndProjectSection
EndProject
Project("{FAE04EC0-301F-11D3-BF4B-00C04F79EFBC}") = "FSO.Files.Interface", "FSO.Files.Interface\FSO.Files.Interface.csproj", "{ED4C1402-C6B5-4F22-89FD-F86FD6DA8EEC}"
EndProject
Project("{FAE04EC0-301F-11D3-BF4B-00C04F79EFBC}") = "FSO.SimAntics.Interface", "FSO.SimAntics.Interface\FSO.SimAntics.Interface.csproj", "{4FC405A0-9CA9-4992-A356-22E485D8C10E}"
EndProject
Project("{FAE04EC0-301F-11D3-BF4B-00C04F79EFBC}") = "FSO.Vitaboy.Interface", "FSO.Vitaboy.Interface\FSO.Vitaboy.Interface.csproj", "{58B1D255-9091-41AE-94CA-4F66FC2F6478}"
EndProject
Global
	GlobalSection(SolutionConfigurationPlatforms) = preSolution
		Debug|Any CPU = Debug|Any CPU
		Release|Any CPU = Release|Any CPU
	EndGlobalSection
	GlobalSection(ProjectConfigurationPlatforms) = postSolution
		{F050E73F-DBF4-489E-AC3E-08DEAF82BDB4}.Debug|Any CPU.ActiveCfg = Debug|Any CPU
		{F050E73F-DBF4-489E-AC3E-08DEAF82BDB4}.Debug|Any CPU.Build.0 = Debug|Any CPU
		{F050E73F-DBF4-489E-AC3E-08DEAF82BDB4}.Release|Any CPU.ActiveCfg = Release|Any CPU
		{F050E73F-DBF4-489E-AC3E-08DEAF82BDB4}.Release|Any CPU.Build.0 = Release|Any CPU
		{ED4C1402-C6B5-4F22-89FD-F86FD6DA8EEC}.Debug|Any CPU.ActiveCfg = Debug|Any CPU
		{ED4C1402-C6B5-4F22-89FD-F86FD6DA8EEC}.Debug|Any CPU.Build.0 = Debug|Any CPU
		{ED4C1402-C6B5-4F22-89FD-F86FD6DA8EEC}.Release|Any CPU.ActiveCfg = Release|Any CPU
		{ED4C1402-C6B5-4F22-89FD-F86FD6DA8EEC}.Release|Any CPU.Build.0 = Release|Any CPU
		{4FC405A0-9CA9-4992-A356-22E485D8C10E}.Debug|Any CPU.ActiveCfg = Debug|Any CPU
		{4FC405A0-9CA9-4992-A356-22E485D8C10E}.Debug|Any CPU.Build.0 = Debug|Any CPU
		{4FC405A0-9CA9-4992-A356-22E485D8C10E}.Release|Any CPU.ActiveCfg = Release|Any CPU
		{4FC405A0-9CA9-4992-A356-22E485D8C10E}.Release|Any CPU.Build.0 = Release|Any CPU
		{58B1D255-9091-41AE-94CA-4F66FC2F6478}.Debug|Any CPU.ActiveCfg = Debug|Any CPU
		{58B1D255-9091-41AE-94CA-4F66FC2F6478}.Debug|Any CPU.Build.0 = Debug|Any CPU
		{58B1D255-9091-41AE-94CA-4F66FC2F6478}.Release|Any CPU.ActiveCfg = Release|Any CPU
		{58B1D255-9091-41AE-94CA-4F66FC2F6478}.Release|Any CPU.Build.0 = Release|Any CPU
	EndGlobalSection
	GlobalSection(SolutionProperties) = preSolution
		HideSolutionNode = FALSE
	EndGlobalSection
	GlobalSection(ExtensibilityGlobals) = postSolution
		SolutionGuid = {E69C5D33-A5AA-49C5-A064-9D9CEB7ADAB1}
	EndGlobalSection
EndGlobal
